lockfileVersion: '6.0'

settings:
  autoInstallPeers: true
  excludeLinksFromLockfile: false

dependencies:
  '@fastify/cors':
    specifier: ^8.3.0
    version: 8.3.0

packages:

  /@fastify/cors@8.3.0:
    resolution: {integrity: sha512-oj9xkka2Tg0MrwuKhsSUumcAkfp2YCnKxmFEusi01pjk1YrdDsuSYTHXEelWNW+ilSy/ApZq0c2SvhKrLX0H1g==}
    dependencies:
      fastify-plugin: 4.5.1
      mnemonist: 0.39.5
    dev: false

  /fastify-plugin@4.5.1:
    resolution: {integrity: sha512-stRHYGeuqpEZTL1Ef0Ovr2ltazUT9g844X5z/zEBFLG8RYlpDiOCIG+ATvYEp+/zmc7sN29mcIMp8gvYplYPIQ==}
    dev: false

  /mnemonist@0.39.5:
    resolution: {integrity: sha512-FPUtkhtJ0efmEFGpU14x7jGbTB+s18LrzRL2KgoWz9YvcY3cPomz8tih01GbHwnGk/OmkOKfqd/RAQoc8Lm7DQ==}
    dependencies:
      obliterator: 2.0.4
    dev: false

  /obliterator@2.0.4:
    resolution: {integrity: sha512-lgHwxlxV1qIg1Eap7LgIeoBWIMFibOjbrYPIPJZcI1mmGAI2m3lNYpK12Y+GBdPQ0U1hRwSord7GIaawz962qQ==}
    dev: false
